
Microsoft Visual Studio Solution File, Format Version 12.00
# Visual Studio Version 17
VisualStudioVersion = 17.4.33213.308
MinimumVisualStudioVersion = 10.0.40219.1
Project("{FAE04EC0-301F-11D3-BF4B-00C04F79EFBC}") = "JosephusOOGui", "JosephusOOGui\JosephusOOGui.csproj", "{C7011E5E-B4C1-4BD6-9E9B-28CB9FB91D52}"
EndProject
Global
	GlobalSection(SolutionConfigurationPlatforms) = preSolution
		Debug|Any CPU = Debug|Any CPU
		Release|Any CPU = Release|Any CPU
	EndGlobalSection
	GlobalSection(ProjectConfigurationPlatforms) = postSolution
		{C7011E5E-B4C1-4BD6-9E9B-28CB9FB91D52}.Debug|Any CPU.ActiveCfg = Debug|Any CPU
		{C7011E5E-B4C1-4BD6-9E9B-28CB9FB91D52}.Debug|Any CPU.Build.0 = Debug|Any CPU
		{C7011E5E-B4C1-4BD6-9E9B-28CB9FB91D52}.Release|Any CPU.ActiveCfg = Release|Any CPU
		{C7011E5E-B4C1-4BD6-9E9B-28CB9FB91D52}.Release|Any CPU.Build.0 = Release|Any CPU
	EndGlobalSection
	GlobalSection(SolutionProperties) = preSolution
		HideSolutionNode = FALSE
	EndGlobalSection
	GlobalSection(ExtensibilityGlobals) = postSolution
		SolutionGuid = {05F000C9-78BD-4B9D-A430-8A07AC397B1A}
	EndGlobalSection
EndGlobal
